{
    "_readme": [
        "This file locks the dependencies of your project to a known state",
        "Read more about it at https://getcomposer.org/doc/01-basic-usage.md#installing-dependencies",
        "This file is @generated automatically"
    ],
    "content-hash": "91515a5b515df21c94771400fdffaa78",
    "packages": [
        {
            "name": "yahnis-elsts/plugin-update-checker",
            "version": "v4.7",
            "source": {
                "type": "git",
                "url": "https://github.com/YahnisElsts/plugin-update-checker.git",
                "reference": "6da68b119277a400fad0ca6ec54f223b10bd8230"
            },
            "dist": {
                "type": "zip",
                "url": "https://api.github.com/repos/YahnisElsts/plugin-update-checker/zipball/6da68b119277a400fad0ca6ec54f223b10bd8230",
                "reference": "6da68b119277a400fad0ca6ec54f223b10bd8230",
                "shasum": ""
            },
            "require": {
                "php": ">=5.2.0"
            },
            "type": "library",
            "autoload": {
                "files": [
                    "plugin-update-checker.php"
                ]
            },
            "notification-url": "https://packagist.org/downloads/",
            "license": [
                "MIT"
            ],
            "authors": [
                {
                    "name": "Yahnis Elsts",
                    "email": "whiteshadow@w-shadow.com",
                    "homepage": "http://w-shadow.com/",
                    "role": "Developer"
                }
            ],
            "description": "A custom update checker for WordPress plugins and themes. Useful if you can't host your plugin in the official WP repository but still want it to support automatic updates.",
            "homepage": "https://github.com/YahnisElsts/plugin-update-checker/",
            "keywords": [
                "automatic updates",
                "plugin updates",
                "theme updates",
                "wordpress"
            ],
            "time": "2019-07-05T18:39:53+00:00"
        }
    ],
    "packages-dev": [],
    "aliases": [],
    "minimum-stability": "stable",
    "stability-flags": [],
    "prefer-stable": false,
    "prefer-lowest": false,
    "platform": [],
    "platform-dev": []
}
